
Microsoft Visual Studio Solution File, Format Version 12.00
# Visual Studio Version 17
VisualStudioVersion = 17.2.32516.85
MinimumVisualStudioVersion = 10.0.40219.1
Project("{FAE04EC0-301F-11D3-BF4B-00C04F79EFBC}") = "MathSimulator", "MathSimulator\MathSimulator.csproj", "{045CE6FE-D7D0-4DE5-96C3-40A22B647DAD}"
EndProject
Global
	GlobalSection(SolutionConfigurationPlatforms) = preSolution
		Debug|Any CPU = Debug|Any CPU
		Release|Any CPU = Release|Any CPU
	EndGlobalSection
	GlobalSection(ProjectConfigurationPlatforms) = postSolution
		{045CE6FE-D7D0-4DE5-96C3-40A22B647DAD}.Debug|Any CPU.ActiveCfg = Debug|Any CPU
		{045CE6FE-D7D0-4DE5-96C3-40A22B647DAD}.Debug|Any CPU.Build.0 = Debug|Any CPU
		{045CE6FE-D7D0-4DE5-96C3-40A22B647DAD}.Release|Any CPU.ActiveCfg = Release|Any CPU
		{045CE6FE-D7D0-4DE5-96C3-40A22B647DAD}.Release|Any CPU.Build.0 = Release|Any CPU
	EndGlobalSection
	GlobalSection(SolutionProperties) = preSolution
		HideSolutionNode = FALSE
	EndGlobalSection
	GlobalSection(ExtensibilityGlobals) = postSolution
		SolutionGuid = {1C9D014F-B3D4-4E7E-99EE-040D53FD2E5F}
	EndGlobalSection
EndGlobal
